
Microsoft Visual Studio Solution File, Format Version 12.00
# Visual Studio 11
Project("{FAE04EC0-301F-11D3-BF4B-00C04F79EFBC}") = "YouMap", "YouMap\YouMap.csproj", "{0C2256E2-26AE-4E1B-A30D-4202EDE589AE}"
EndProject
Project("{FAE04EC0-301F-11D3-BF4B-00C04F79EFBC}") = "Jmelosegui.Mvc.Controls", "Jmelosegui.Mvc.Controls\Jmelosegui.Mvc.Controls.csproj", "{5476DBD6-F0EC-4B7A-A616-DB42A7EF7E1B}"
EndProject
Project("{FAE04EC0-301F-11D3-BF4B-00C04F79EFBC}") = "YouMap.Framework", "YouMap.Framework\YouMap.Framework.csproj", "{EF8F12CE-0EA4-4639-A5D7-733D12F3F966}"
EndProject
Project("{FAE04EC0-301F-11D3-BF4B-00C04F79EFBC}") = "YouMap.Domain", "YouMap.Domain\YouMap.Domain.csproj", "{0D0838BA-4966-4F14-93D6-9E94D0A29DF0}"
EndProject
Project("{FAE04EC0-301F-11D3-BF4B-00C04F79EFBC}") = "YouMap.Documents", "YouMap.Documents\YouMap.Documents.csproj", "{D9031CDC-70E2-4AE1-9B48-E46952A9188C}"
EndProject
Project("{FAE04EC0-301F-11D3-BF4B-00C04F79EFBC}") = "YouMap.EventHandlers", "YouMap.EventHandlers\YouMap.EventHandlers.csproj", "{5BC9441C-B57D-427F-B59B-32BD3F55A4A1}"
EndProject
Global
	GlobalSection(SolutionConfigurationPlatforms) = preSolution
		Debug MVC3|Any CPU = Debug MVC3|Any CPU
		Debug|Any CPU = Debug|Any CPU
		Release MVC3|Any CPU = Release MVC3|Any CPU
		Release|Any CPU = Release|Any CPU
	EndGlobalSection
	GlobalSection(ProjectConfigurationPlatforms) = postSolution
		{0C2256E2-26AE-4E1B-A30D-4202EDE589AE}.Debug MVC3|Any CPU.ActiveCfg = Debug|Any CPU
		{0C2256E2-26AE-4E1B-A30D-4202EDE589AE}.Debug MVC3|Any CPU.Build.0 = Debug|Any CPU
		{0C2256E2-26AE-4E1B-A30D-4202EDE589AE}.Debug|Any CPU.ActiveCfg = Debug|Any CPU
		{0C2256E2-26AE-4E1B-A30D-4202EDE589AE}.Debug|Any CPU.Build.0 = Debug|Any CPU
		{0C2256E2-26AE-4E1B-A30D-4202EDE589AE}.Release MVC3|Any CPU.ActiveCfg = Release|Any CPU
		{0C2256E2-26AE-4E1B-A30D-4202EDE589AE}.Release MVC3|Any CPU.Build.0 = Release|Any CPU
		{0C2256E2-26AE-4E1B-A30D-4202EDE589AE}.Release|Any CPU.ActiveCfg = Release|Any CPU
		{0C2256E2-26AE-4E1B-A30D-4202EDE589AE}.Release|Any CPU.Build.0 = Release|Any CPU
		{0D0838BA-4966-4F14-93D6-9E94D0A29DF0}.Debug MVC3|Any CPU.ActiveCfg = Debug|Any CPU
		{0D0838BA-4966-4F14-93D6-9E94D0A29DF0}.Debug MVC3|Any CPU.Build.0 = Debug|Any CPU
		{0D0838BA-4966-4F14-93D6-9E94D0A29DF0}.Debug|Any CPU.ActiveCfg = Debug|Any CPU
		{0D0838BA-4966-4F14-93D6-9E94D0A29DF0}.Debug|Any CPU.Build.0 = Debug|Any CPU
		{0D0838BA-4966-4F14-93D6-9E94D0A29DF0}.Release MVC3|Any CPU.ActiveCfg = Release|Any CPU
		{0D0838BA-4966-4F14-93D6-9E94D0A29DF0}.Release MVC3|Any CPU.Build.0 = Release|Any CPU
		{0D0838BA-4966-4F14-93D6-9E94D0A29DF0}.Release|Any CPU.ActiveCfg = Release|Any CPU
		{0D0838BA-4966-4F14-93D6-9E94D0A29DF0}.Release|Any CPU.Build.0 = Release|Any CPU
		{5476DBD6-F0EC-4B7A-A616-DB42A7EF7E1B}.Debug MVC3|Any CPU.ActiveCfg = Debug MVC3|Any CPU
		{5476DBD6-F0EC-4B7A-A616-DB42A7EF7E1B}.Debug MVC3|Any CPU.Build.0 = Debug MVC3|Any CPU
		{5476DBD6-F0EC-4B7A-A616-DB42A7EF7E1B}.Debug|Any CPU.ActiveCfg = Debug|Any CPU
		{5476DBD6-F0EC-4B7A-A616-DB42A7EF7E1B}.Debug|Any CPU.Build.0 = Debug|Any CPU
		{5476DBD6-F0EC-4B7A-A616-DB42A7EF7E1B}.Release MVC3|Any CPU.ActiveCfg = Release MVC3|Any CPU
		{5476DBD6-F0EC-4B7A-A616-DB42A7EF7E1B}.Release MVC3|Any CPU.Build.0 = Release MVC3|Any CPU
		{5476DBD6-F0EC-4B7A-A616-DB42A7EF7E1B}.Release|Any CPU.ActiveCfg = Release|Any CPU
		{5476DBD6-F0EC-4B7A-A616-DB42A7EF7E1B}.Release|Any CPU.Build.0 = Release|Any CPU
		{5BC9441C-B57D-427F-B59B-32BD3F55A4A1}.Debug MVC3|Any CPU.ActiveCfg = Debug|Any CPU
		{5BC9441C-B57D-427F-B59B-32BD3F55A4A1}.Debug MVC3|Any CPU.Build.0 = Debug|Any CPU
		{5BC9441C-B57D-427F-B59B-32BD3F55A4A1}.Debug|Any CPU.ActiveCfg = Debug|Any CPU
		{5BC9441C-B57D-427F-B59B-32BD3F55A4A1}.Debug|Any CPU.Build.0 = Debug|Any CPU
		{5BC9441C-B57D-427F-B59B-32BD3F55A4A1}.Release MVC3|Any CPU.ActiveCfg = Release|Any CPU
		{5BC9441C-B57D-427F-B59B-32BD3F55A4A1}.Release MVC3|Any CPU.Build.0 = Release|Any CPU
		{5BC9441C-B57D-427F-B59B-32BD3F55A4A1}.Release|Any CPU.ActiveCfg = Release|Any CPU
		{5BC9441C-B57D-427F-B59B-32BD3F55A4A1}.Release|Any CPU.Build.0 = Release|Any CPU
		{D9031CDC-70E2-4AE1-9B48-E46952A9188C}.Debug MVC3|Any CPU.ActiveCfg = Debug|Any CPU
		{D9031CDC-70E2-4AE1-9B48-E46952A9188C}.Debug MVC3|Any CPU.Build.0 = Debug|Any CPU
		{D9031CDC-70E2-4AE1-9B48-E46952A9188C}.Debug|Any CPU.ActiveCfg = Debug|Any CPU
		{D9031CDC-70E2-4AE1-9B48-E46952A9188C}.Debug|Any CPU.Build.0 = Debug|Any CPU
		{D9031CDC-70E2-4AE1-9B48-E46952A9188C}.Release MVC3|Any CPU.ActiveCfg = Release|Any CPU
		{D9031CDC-70E2-4AE1-9B48-E46952A9188C}.Release MVC3|Any CPU.Build.0 = Release|Any CPU
		{D9031CDC-70E2-4AE1-9B48-E46952A9188C}.Release|Any CPU.ActiveCfg = Release|Any CPU
		{D9031CDC-70E2-4AE1-9B48-E46952A9188C}.Release|Any CPU.Build.0 = Release|Any CPU
		{EF8F12CE-0EA4-4639-A5D7-733D12F3F966}.Debug MVC3|Any CPU.ActiveCfg = Debug|Any CPU
		{EF8F12CE-0EA4-4639-A5D7-733D12F3F966}.Debug MVC3|Any CPU.Build.0 = Debug|Any CPU
		{EF8F12CE-0EA4-4639-A5D7-733D12F3F966}.Debug|Any CPU.ActiveCfg = Debug|Any CPU
		{EF8F12CE-0EA4-4639-A5D7-733D12F3F966}.Debug|Any CPU.Build.0 = Debug|Any CPU
		{EF8F12CE-0EA4-4639-A5D7-733D12F3F966}.Release MVC3|Any CPU.ActiveCfg = Release|Any CPU
		{EF8F12CE-0EA4-4639-A5D7-733D12F3F966}.Release MVC3|Any CPU.Build.0 = Release|Any CPU
		{EF8F12CE-0EA4-4639-A5D7-733D12F3F966}.Release|Any CPU.ActiveCfg = Release|Any CPU
		{EF8F12CE-0EA4-4639-A5D7-733D12F3F966}.Release|Any CPU.Build.0 = Release|Any CPU
	EndGlobalSection
	GlobalSection(SolutionProperties) = preSolution
		HideSolutionNode = FALSE
	EndGlobalSection
EndGlobal
